
Microsoft Visual Studio Solution File, Format Version 12.00
# Visual Studio Version 17
VisualStudioVersion = 17.10.35027.167
MinimumVisualStudioVersion = 10.0.40219.1
Project("{FAE04EC0-301F-11D3-BF4B-00C04F79EFBC}") = "Reg Form", "Reg Form\Reg Form.csproj", "{5CCEF2FE-FC19-4774-8716-B518FED0EC03}"
EndProject
Global
	GlobalSection(SolutionConfigurationPlatforms) = preSolution
		Debug|Any CPU = Debug|Any CPU
		Release|Any CPU = Release|Any CPU
	EndGlobalSection
	GlobalSection(ProjectConfigurationPlatforms) = postSolution
		{5CCEF2FE-FC19-4774-8716-B518FED0EC03}.Debug|Any CPU.ActiveCfg = Debug|Any CPU
		{5CCEF2FE-FC19-4774-8716-B518FED0EC03}.Debug|Any CPU.Build.0 = Debug|Any CPU
		{5CCEF2FE-FC19-4774-8716-B518FED0EC03}.Release|Any CPU.ActiveCfg = Release|Any CPU
		{5CCEF2FE-FC19-4774-8716-B518FED0EC03}.Release|Any CPU.Build.0 = Release|Any CPU
	EndGlobalSection
	GlobalSection(SolutionProperties) = preSolution
		HideSolutionNode = FALSE
	EndGlobalSection
	GlobalSection(ExtensibilityGlobals) = postSolution
		SolutionGuid = {C5579C81-2745-4F3A-ABF3-79EA843C2B6A}
	EndGlobalSection
EndGlobal
